
Microsoft Visual Studio Solution File, Format Version 12.00
# Visual Studio 15
VisualStudioVersion = 15.0.27130.0
MinimumVisualStudioVersion = 10.0.40219.1
Project("{9A19103F-16F7-4668-BE54-9A1E7A4F7556}") = "ODataTest", "ODataTest\ODataTest.csproj", "{7DA8391B-EEC4-4ABD-8D1B-99ACDDE5123E}"
EndProject
Global
	GlobalSection(SolutionConfigurationPlatforms) = preSolution
		Debug|Any CPU = Debug|Any CPU
		Release|Any CPU = Release|Any CPU
	EndGlobalSection
	GlobalSection(ProjectConfigurationPlatforms) = postSolution
		{7DA8391B-EEC4-4ABD-8D1B-99ACDDE5123E}.Debug|Any CPU.ActiveCfg = Debug|Any CPU
		{7DA8391B-EEC4-4ABD-8D1B-99ACDDE5123E}.Debug|Any CPU.Build.0 = Debug|Any CPU
		{7DA8391B-EEC4-4ABD-8D1B-99ACDDE5123E}.Release|Any CPU.ActiveCfg = Release|Any CPU
		{7DA8391B-EEC4-4ABD-8D1B-99ACDDE5123E}.Release|Any CPU.Build.0 = Release|Any CPU
	EndGlobalSection
	GlobalSection(SolutionProperties) = preSolution
		HideSolutionNode = FALSE
	EndGlobalSection
	GlobalSection(ExtensibilityGlobals) = postSolution
		SolutionGuid = {18296030-9369-49E3-B9DA-D3FAB407B4C5}
	EndGlobalSection
EndGlobal
